
Microsoft Visual Studio Solution File, Format Version 12.00
# Visual Studio Version 16
VisualStudioVersion = 16.0.32126.315
MinimumVisualStudioVersion = 10.0.40219.1
Project("{FAE04EC0-301F-11D3-BF4B-00C04F79EFBC}") = "laba_3(2)", "laba_3(2)\laba_3(2).csproj", "{BB02CE33-638F-4511-8137-A43898FE79FB}"
EndProject
Global
	GlobalSection(SolutionConfigurationPlatforms) = preSolution
		Debug|Any CPU = Debug|Any CPU
		Release|Any CPU = Release|Any CPU
	EndGlobalSection
	GlobalSection(ProjectConfigurationPlatforms) = postSolution
		{BB02CE33-638F-4511-8137-A43898FE79FB}.Debug|Any CPU.ActiveCfg = Debug|Any CPU
		{BB02CE33-638F-4511-8137-A43898FE79FB}.Debug|Any CPU.Build.0 = Debug|Any CPU
		{BB02CE33-638F-4511-8137-A43898FE79FB}.Release|Any CPU.ActiveCfg = Release|Any CPU
		{BB02CE33-638F-4511-8137-A43898FE79FB}.Release|Any CPU.Build.0 = Release|Any CPU
	EndGlobalSection
	GlobalSection(SolutionProperties) = preSolution
		HideSolutionNode = FALSE
	EndGlobalSection
	GlobalSection(ExtensibilityGlobals) = postSolution
		SolutionGuid = {97A27730-315B-41DD-9CB0-D6175423E8E0}
	EndGlobalSection
EndGlobal
